PODS:
  - ASAudioWaveformView (1.0.3)

DEPENDENCIES:
  - ASAudioWaveformView (from `../`)

EXTERNAL SOURCES:
  ASAudioWaveformView:
    :path: "../"

SPEC CHECKSUMS:
  ASAudioWaveformView: fca2f678aee37ef6f7df582dfcf1ef6ce25e9af2

PODFILE CHECKSUM: fd8796fff79d884ec8e4becd8d7bceef93a73dc0

COCOAPODS: 1.9.3
